// !$*UTF8*$!
{
	archiveVersion = 1;
	classes = {
	};
	objectVersion = 55;
	objects = {

/* Begin PBXBuildFile section */
		2A1B8AD1290C60690059C3D5 /* AppDelegate.swift in Sources */ = {isa = PBXBuildFile; fileRef = 2A1B8AD0290C60690059C3D5 /* AppDelegate.swift */; };
		2A1B8AD3290C60690059C3D5 /* SceneDelegate.swift in Sources */ = {isa = PBXBuildFile; fileRef = 2A1B8AD2290C60690059C3D5 /* SceneDelegate.swift */; };
		2A1B8ADA290C60730059C3D5 /* Assets.xcassets in Resources */ = {isa = PBXBuildFile; fileRef = 2A1B8AD9290C60730059C3D5 /* Assets.xcassets */; };
		2A1B8ADD290C60730059C3D5 /* LaunchScreen.storyboard in Resources */ = {isa = PBXBuildFile; fileRef = 2A1B8ADB290C60730059C3D5 /* LaunchScreen.storyboard */; };
		2A592A3C290C79D70069B333 /* Colors.xcassets in Resources */ = {isa = PBXBuildFile; fileRef = 2A592A3B290C79D70069B333 /* Colors.xcassets */; };
		2A592A41290C7CCF0069B333 /* HomeAssembly.swift in Sources */ = {isa = PBXBuildFile; fileRef = 2A592A40290C7CCF0069B333 /* HomeAssembly.swift */; };
		2A592A43290C7CE80069B333 /* HomePresenter.swift in Sources */ = {isa = PBXBuildFile; fileRef = 2A592A42290C7CE80069B333 /* HomePresenter.swift */; };
		2A592A45290C7D150069B333 /* HomeView.swift in Sources */ = {isa = PBXBuildFile; fileRef = 2A592A44290C7D150069B333 /* HomeView.swift */; };
		2A592A47290C7DDB0069B333 /* HomeView.storyboard in Resources */ = {isa = PBXBuildFile; fileRef = 2A592A46290C7DDB0069B333 /* HomeView.storyboard */; };
		2A592A49290C7DFE0069B333 /* HomePresenterProtocol.swift in Sources */ = {isa = PBXBuildFile; fileRef = 2A592A48290C7DFE0069B333 /* HomePresenterProtocol.swift */; };
		2A592A4B290C7E290069B333 /* HomeViewProtocol.swift in Sources */ = {isa = PBXBuildFile; fileRef = 2A592A4A290C7E290069B333 /* HomeViewProtocol.swift */; };
		2A592A50290C7F540069B333 /* DayViewCell.swift in Sources */ = {isa = PBXBuildFile; fileRef = 2A592A4E290C7F540069B333 /* DayViewCell.swift */; };
		2A592A51290C7F540069B333 /* DayViewCell.xib in Resources */ = {isa = PBXBuildFile; fileRef = 2A592A4F290C7F540069B333 /* DayViewCell.xib */; };
		2A592A53290C7F7D0069B333 /* BaseViewController.swift in Sources */ = {isa = PBXBuildFile; fileRef = 2A592A52290C7F7D0069B333 /* BaseViewController.swift */; };
		2A592A55290C80F30069B333 /* LifeCycleProtocol.swift in Sources */ = {isa = PBXBuildFile; fileRef = 2A592A54290C80F30069B333 /* LifeCycleProtocol.swift */; };
		2A592A58290C86170069B333 /* UIViewController+Extensions.swift in Sources */ = {isa = PBXBuildFile; fileRef = 2A592A57290C86170069B333 /* UIViewController+Extensions.swift */; };
		2A9AA6B8290D573200898AFE /* ViewUpdateble.swift in Sources */ = {isa = PBXBuildFile; fileRef = 2A9AA6B7290D573200898AFE /* ViewUpdateble.swift */; };
		2A9AA6BA290D68DC00898AFE /* APIInfo.plist in Resources */ = {isa = PBXBuildFile; fileRef = 2A9AA6B9290D68DC00898AFE /* APIInfo.plist */; };
		2A9AA6BE290D69C500898AFE /* OWMURLManager.swift in Sources */ = {isa = PBXBuildFile; fileRef = 2A9AA6BD290D69C500898AFE /* OWMURLManager.swift */; };
		2A9AA6C0290D806600898AFE /* OWMDefaultValues.swift in Sources */ = {isa = PBXBuildFile; fileRef = 2A9AA6BF290D806600898AFE /* OWMDefaultValues.swift */; };
		2A9AA6C3290D831800898AFE /* DaysOfWeek.swift in Sources */ = {isa = PBXBuildFile; fileRef = 2A9AA6C2290D831800898AFE /* DaysOfWeek.swift */; };
		2A9AA6C6290D841E00898AFE /* String+Extensions.swift in Sources */ = {isa = PBXBuildFile; fileRef = 2A9AA6C5290D841E00898AFE /* String+Extensions.swift */; };
		2A9AA6C8290D848A00898AFE /* UIView+Extensions.swift in Sources */ = {isa = PBXBuildFile; fileRef = 2A9AA6C7290D848A00898AFE /* UIView+Extensions.swift */; };
		2A9AA6CA290D870700898AFE /* Localization(en).strings in Resources */ = {isa = PBXBuildFile; fileRef = 2A9AA6C9290D870700898AFE /* Localization(en).strings */; };
		2A9AA6CD290D894100898AFE /* CurrentWeatherModel.swift in Sources */ = {isa = PBXBuildFile; fileRef = 2A9AA6CC290D894100898AFE /* CurrentWeatherModel.swift */; };
		2A9AA6CF290D9D0600898AFE /* DefaultValues.swift in Sources */ = {isa = PBXBuildFile; fileRef = 2A9AA6CE290D9D0600898AFE /* DefaultValues.swift */; };
		2A9AA6D1290DBB1C00898AFE /* NetworkManager.swift in Sources */ = {isa = PBXBuildFile; fileRef = 2A9AA6D0290DBB1C00898AFE /* NetworkManager.swift */; };
		2A9AA6D3290DBB7600898AFE /* OWMNetworkService.swift in Sources */ = {isa = PBXBuildFile; fileRef = 2A9AA6D2290DBB7600898AFE /* OWMNetworkService.swift */; };
		2A9AA6D5290E7C8C00898AFE /* WeeklyWeatherModel.swift in Sources */ = {isa = PBXBuildFile; fileRef = 2A9AA6D4290E7C8C00898AFE /* WeeklyWeatherModel.swift */; };
		2A9AA6D8290E87DC00898AFE /* DaylyInfo.swift in Sources */ = {isa = PBXBuildFile; fileRef = 2A9AA6D7290E87DC00898AFE /* DaylyInfo.swift */; };
		2A9AA6DA290E87F200898AFE /* DaylyInfo.xib in Resources */ = {isa = PBXBuildFile; fileRef = 2A9AA6D9290E87F200898AFE /* DaylyInfo.xib */; };
		2A9AA6DD290EFAC700898AFE /* PartOfDay.swift in Sources */ = {isa = PBXBuildFile; fileRef = 2A9AA6DC290EFAC700898AFE /* PartOfDay.swift */; };
		2A9AA6DF290EFB1800898AFE /* PartOfDay.xib in Resources */ = {isa = PBXBuildFile; fileRef = 2A9AA6DE290EFB1800898AFE /* PartOfDay.xib */; };
		2A9AA6E1290F258000898AFE /* URLManagerProtocol.swift in Sources */ = {isa = PBXBuildFile; fileRef = 2A9AA6E0290F258000898AFE /* URLManagerProtocol.swift */; };
		2A9AA6E3291015FB00898AFE /* DependancyAssemblay.swift in Sources */ = {isa = PBXBuildFile; fileRef = 2A9AA6E2291015FB00898AFE /* DependancyAssemblay.swift */; };
		2A9AA6E52910176800898AFE /* DateManager.swift in Sources */ = {isa = PBXBuildFile; fileRef = 2A9AA6E42910176800898AFE /* DateManager.swift */; };
		2A9AA6E72910179A00898AFE /* LocationManager.swift in Sources */ = {isa = PBXBuildFile; fileRef = 2A9AA6E62910179A00898AFE /* LocationManager.swift */; };
		BA0AB812814F075C4AAFC287 /* Pods_WheterTest.framework in Frameworks */ = {isa = PBXBuildFile; fileRef = D7830719E4CD12E0E8170DF3 /* Pods_WheterTest.framework */; };
/* End PBXBuildFile section */

/* Begin PBXFileReference section */
		1BAC33B22996BCB0A963B955 /* Pods-WheterTest.debug.xcconfig */ = {isa = PBXFileReference; includeInIndex = 1; lastKnownFileType = text.xcconfig; name = "Pods-WheterTest.debug.xcconfig"; path = "Target Support Files/Pods-WheterTest/Pods-WheterTest.debug.xcconfig"; sourceTree = "<group>"; };
		2A1B8ACD290C60690059C3D5 /* WheterTest.app */ = {isa = PBXFileReference; explicitFileType = wrapper.application; includeInIndex = 0; path = WheterTest.app; sourceTree = BUILT_PRODUCTS_DIR; };
		2A1B8AD0290C60690059C3D5 /* AppDelegate.swift */ = {isa = PBXFileReference; lastKnownFileType = sourcecode.swift; path = AppDelegate.swift; sourceTree = "<group>"; };
		2A1B8AD2290C60690059C3D5 /* SceneDelegate.swift */ = {isa = PBXFileReference; lastKnownFileType = sourcecode.swift; path = SceneDelegate.swift; sourceTree = "<group>"; };
		2A1B8AD9290C60730059C3D5 /* Assets.xcassets */ = {isa = PBXFileReference; lastKnownFileType = folder.assetcatalog; path = Assets.xcassets; sourceTree = "<group>"; };
		2A1B8ADC290C60730059C3D5 /* Base */ = {isa = PBXFileReference; lastKnownFileType = file.storyboard; name = Base; path = Base.lproj/LaunchScreen.storyboard; sourceTree = "<group>"; };
		2A1B8ADE290C60730059C3D5 /* Info.plist */ = {isa = PBXFileReference; lastKnownFileType = text.plist.xml; path = Info.plist; sourceTree = "<group>"; };
		2A592A3B290C79D70069B333 /* Colors.xcassets */ = {isa = PBXFileReference; lastKnownFileType = folder.assetcatalog; path = Colors.xcassets; sourceTree = "<group>"; };
		2A592A40290C7CCF0069B333 /* HomeAssembly.swift */ = {isa = PBXFileReference; lastKnownFileType = sourcecode.swift; path = HomeAssembly.swift; sourceTree = "<group>"; };
		2A592A42290C7CE80069B333 /* HomePresenter.swift */ = {isa = PBXFileReference; lastKnownFileType = sourcecode.swift; path = HomePresenter.swift; sourceTree = "<group>"; };
		2A592A44290C7D150069B333 /* HomeView.swift */ = {isa = PBXFileReference; lastKnownFileType = sourcecode.swift; path = HomeView.swift; sourceTree = "<group>"; };
		2A592A46290C7DDB0069B333 /* HomeView.storyboard */ = {isa = PBXFileReference; lastKnownFileType = file.storyboard; path = HomeView.storyboard; sourceTree = "<group>"; };
		2A592A48290C7DFE0069B333 /* HomePresenterProtocol.swift */ = {isa = PBXFileReference; lastKnownFileType = sourcecode.swift; path = HomePresenterProtocol.swift; sourceTree = "<group>"; };
		2A592A4A290C7E290069B333 /* HomeViewProtocol.swift */ = {isa = PBXFileReference; lastKnownFileType = sourcecode.swift; path = HomeViewProtocol.swift; sourceTree = "<group>"; };
		2A592A4E290C7F540069B333 /* DayViewCell.swift */ = {isa = PBXFileReference; lastKnownFileType = sourcecode.swift; path = DayViewCell.swift; sourceTree = "<group>"; };
		2A592A4F290C7F540069B333 /* DayViewCell.xib */ = {isa = PBXFileReference; lastKnownFileType = file.xib; path = DayViewCell.xib; sourceTree = "<group>"; };
		2A592A52290C7F7D0069B333 /* BaseViewController.swift */ = {isa = PBXFileReference; lastKnownFileType = sourcecode.swift; path = BaseViewController.swift; sourceTree = "<group>"; };
		2A592A54290C80F30069B333 /* LifeCycleProtocol.swift */ = {isa = PBXFileReference; lastKnownFileType = sourcecode.swift; path = LifeCycleProtocol.swift; sourceTree = "<group>"; };
		2A592A57290C86170069B333 /* UIViewController+Extensions.swift */ = {isa = PBXFileReference; lastKnownFileType = sourcecode.swift; path = "UIViewController+Extensions.swift"; sourceTree = "<group>"; };
		2A9AA6B7290D573200898AFE /* ViewUpdateble.swift */ = {isa = PBXFileReference; lastKnownFileType = sourcecode.swift; path = ViewUpdateble.swift; sourceTree = "<group>"; };
		2A9AA6B9290D68DC00898AFE /* APIInfo.plist */ = {isa = PBXFileReference; lastKnownFileType = text.plist.xml; path = APIInfo.plist; sourceTree = "<group>"; };
		2A9AA6BD290D69C500898AFE /* OWMURLManager.swift */ = {isa = PBXFileReference; lastKnownFileType = sourcecode.swift; path = OWMURLManager.swift; sourceTree = "<group>"; };
		2A9AA6BF290D806600898AFE /* OWMDefaultValues.swift */ = {isa = PBXFileReference; lastKnownFileType = sourcecode.swift; path = OWMDefaultValues.swift; sourceTree = "<group>"; };
		2A9AA6C2290D831800898AFE /* DaysOfWeek.swift */ = {isa = PBXFileReference; lastKnownFileType = sourcecode.swift; path = DaysOfWeek.swift; sourceTree = "<group>"; };
		2A9AA6C5290D841E00898AFE /* String+Extensions.swift */ = {isa = PBXFileReference; lastKnownFileType = sourcecode.swift; path = "String+Extensions.swift"; sourceTree = "<group>"; };
		2A9AA6C7290D848A00898AFE /* UIView+Extensions.swift */ = {isa = PBXFileReference; lastKnownFileType = sourcecode.swift; path = "UIView+Extensions.swift"; sourceTree = "<group>"; };
		2A9AA6C9290D870700898AFE /* Localization(en).strings */ = {isa = PBXFileReference; lastKnownFileType = text.plist.strings; path = "Localization(en).strings"; sourceTree = "<group>"; };
		2A9AA6CC290D894100898AFE /* CurrentWeatherModel.swift */ = {isa = PBXFileReference; lastKnownFileType = sourcecode.swift; path = CurrentWeatherModel.swift; sourceTree = "<group>"; };
		2A9AA6CE290D9D0600898AFE /* DefaultValues.swift */ = {isa = PBXFileReference; lastKnownFileType = sourcecode.swift; path = DefaultValues.swift; sourceTree = "<group>"; };
		2A9AA6D0290DBB1C00898AFE /* NetworkManager.swift */ = {isa = PBXFileReference; lastKnownFileType = sourcecode.swift; path = NetworkManager.swift; sourceTree = "<group>"; };
		2A9AA6D2290DBB7600898AFE /* OWMNetworkService.swift */ = {isa = PBXFileReference; lastKnownFileType = sourcecode.swift; path = OWMNetworkService.swift; sourceTree = "<group>"; };
		2A9AA6D4290E7C8C00898AFE /* WeeklyWeatherModel.swift */ = {isa = PBXFileReference; lastKnownFileType = sourcecode.swift; path = WeeklyWeatherModel.swift; sourceTree = "<group>"; };
		2A9AA6D7290E87DC00898AFE /* DaylyInfo.swift */ = {isa = PBXFileReference; lastKnownFileType = sourcecode.swift; path = DaylyInfo.swift; sourceTree = "<group>"; };
		2A9AA6D9290E87F200898AFE /* DaylyInfo.xib */ = {isa = PBXFileReference; lastKnownFileType = file.xib; path = DaylyInfo.xib; sourceTree = "<group>"; };
		2A9AA6DC290EFAC700898AFE /* PartOfDay.swift */ = {isa = PBXFileReference; lastKnownFileType = sourcecode.swift; path = PartOfDay.swift; sourceTree = "<group>"; };
		2A9AA6DE290EFB1800898AFE /* PartOfDay.xib */ = {isa = PBXFileReference; lastKnownFileType = file.xib; path = PartOfDay.xib; sourceTree = "<group>"; };
		2A9AA6E0290F258000898AFE /* URLManagerProtocol.swift */ = {isa = PBXFileReference; lastKnownFileType = sourcecode.swift; path = URLManagerProtocol.swift; sourceTree = "<group>"; };
		2A9AA6E2291015FB00898AFE /* DependancyAssemblay.swift */ = {isa = PBXFileReference; lastKnownFileType = sourcecode.swift; path = DependancyAssemblay.swift; sourceTree = "<group>"; };
		2A9AA6E42910176800898AFE /* DateManager.swift */ = {isa = PBXFileReference; lastKnownFileType = sourcecode.swift; path = DateManager.swift; sourceTree = "<group>"; };
		2A9AA6E62910179A00898AFE /* LocationManager.swift */ = {isa = PBXFileReference; lastKnownFileType = sourcecode.swift; path = LocationManager.swift; sourceTree = "<group>"; };
		5627C2A3A83CD51FC2DB3FCF /* Pods-WheterTest.release.xcconfig */ = {isa = PBXFileReference; includeInIndex = 1; lastKnownFileType = text.xcconfig; name = "Pods-WheterTest.release.xcconfig"; path = "Target Support Files/Pods-WheterTest/Pods-WheterTest.release.xcconfig"; sourceTree = "<group>"; };
		D7830719E4CD12E0E8170DF3 /* Pods_WheterTest.framework */ = {isa = PBXFileReference; explicitFileType = wrapper.framework; includeInIndex = 0; path = Pods_WheterTest.framework; sourceTree = BUILT_PRODUCTS_DIR; };
/* End PBXFileReference section */

/* Begin PBXFrameworksBuildPhase section */
		2A1B8ACA290C60690059C3D5 /* Frameworks */ = {
			isa = PBXFrameworksBuildPhase;
			buildActionMask = 2147483647;
			files = (
				BA0AB812814F075C4AAFC287 /* Pods_WheterTest.framework in Frameworks */,
			);
			runOnlyForDeploymentPostprocessing = 0;
		};
/* End PBXFrameworksBuildPhase section */

/* Begin PBXGroup section */
		0021A4AF6180C192F01D8CC3 /* Pods */ = {
			isa = PBXGroup;
			children = (
				1BAC33B22996BCB0A963B955 /* Pods-WheterTest.debug.xcconfig */,
				5627C2A3A83CD51FC2DB3FCF /* Pods-WheterTest.release.xcconfig */,
			);
			path = Pods;
			sourceTree = "<group>";
		};
		2A1B8AC4290C60690059C3D5 = {
			isa = PBXGroup;
			children = (
				2A1B8ACF290C60690059C3D5 /* WheterTest */,
				2A1B8ACE290C60690059C3D5 /* Products */,
				0021A4AF6180C192F01D8CC3 /* Pods */,
				34458B392694B8329F3DCF39 /* Frameworks */,
			);
			sourceTree = "<group>";
		};
		2A1B8ACE290C60690059C3D5 /* Products */ = {
			isa = PBXGroup;
			children = (
				2A1B8ACD290C60690059C3D5 /* WheterTest.app */,
			);
			name = Products;
			sourceTree = "<group>";
		};
		2A1B8ACF290C60690059C3D5 /* WheterTest */ = {
			isa = PBXGroup;
			children = (
				2A9AA6BB290D697300898AFE /* Network */,
				2A9AA6B6290D56A100898AFE /* Protocols */,
				2A592A4C290C7EBE0069B333 /* Classes */,
				2A592A4D290C7ED70069B333 /* ReusableViews */,
				2A592A56290C84BB0069B333 /* Extensions */,
				2A592A3D290C7B740069B333 /* Modules */,
				2A592A3A290C78F70069B333 /* Sources */,
			);
			path = WheterTest;
			sourceTree = "<group>";
		};
		2A592A3A290C78F70069B333 /* Sources */ = {
			isa = PBXGroup;
			children = (
				2A1B8ADB290C60730059C3D5 /* LaunchScreen.storyboard */,
				2A9AA6C1290D82FF00898AFE /* Enums */,
				2A1B8ADE290C60730059C3D5 /* Info.plist */,
				2A1B8AD9290C60730059C3D5 /* Assets.xcassets */,
				2A592A3B290C79D70069B333 /* Colors.xcassets */,
				2A9AA6B9290D68DC00898AFE /* APIInfo.plist */,
				2A9AA6C9290D870700898AFE /* Localization(en).strings */,
				2A9AA6CE290D9D0600898AFE /* DefaultValues.swift */,
			);
			path = Sources;
			sourceTree = "<group>";
		};
		2A592A3D290C7B740069B333 /* Modules */ = {
			isa = PBXGroup;
			children = (
				2A592A3F290C7CB80069B333 /* Home */,
			);
			path = Modules;
			sourceTree = "<group>";
		};
		2A592A3F290C7CB80069B333 /* Home */ = {
			isa = PBXGroup;
			children = (
				2A592A40290C7CCF0069B333 /* HomeAssembly.swift */,
				2A592A48290C7DFE0069B333 /* HomePresenterProtocol.swift */,
				2A592A42290C7CE80069B333 /* HomePresenter.swift */,
				2A592A4A290C7E290069B333 /* HomeViewProtocol.swift */,
				2A592A44290C7D150069B333 /* HomeView.swift */,
				2A592A46290C7DDB0069B333 /* HomeView.storyboard */,
			);
			path = Home;
			sourceTree = "<group>";
		};
		2A592A4C290C7EBE0069B333 /* Classes */ = {
			isa = PBXGroup;
			children = (
				2A1B8AD0290C60690059C3D5 /* AppDelegate.swift */,
				2A1B8AD2290C60690059C3D5 /* SceneDelegate.swift */,
				2A9AA6D0290DBB1C00898AFE /* NetworkManager.swift */,
				2A592A52290C7F7D0069B333 /* BaseViewController.swift */,
				2A592A54290C80F30069B333 /* LifeCycleProtocol.swift */,
				2A9AA6E2291015FB00898AFE /* DependancyAssemblay.swift */,
				2A9AA6E42910176800898AFE /* DateManager.swift */,
				2A9AA6E62910179A00898AFE /* LocationManager.swift */,
			);
			path = Classes;
			sourceTree = "<group>";
		};
		2A592A4D290C7ED70069B333 /* ReusableViews */ = {
			isa = PBXGroup;
			children = (
				2A9AA6DB290EFA4500898AFE /* PartOfDay */,
				2A9AA6D6290E87AF00898AFE /* DaylyInfo */,
				2A9AA6B5290D54C400898AFE /* DayViewCell */,
			);
			path = ReusableViews;
			sourceTree = "<group>";
		};
		2A592A56290C84BB0069B333 /* Extensions */ = {
			isa = PBXGroup;
			children = (
				2A592A57290C86170069B333 /* UIViewController+Extensions.swift */,
				2A9AA6C5290D841E00898AFE /* String+Extensions.swift */,
				2A9AA6C7290D848A00898AFE /* UIView+Extensions.swift */,
			);
			path = Extensions;
			sourceTree = "<group>";
		};
		2A9AA6B5290D54C400898AFE /* DayViewCell */ = {
			isa = PBXGroup;
			children = (
				2A592A4F290C7F540069B333 /* DayViewCell.xib */,
				2A592A4E290C7F540069B333 /* DayViewCell.swift */,
			);
			path = DayViewCell;
			sourceTree = "<group>";
		};
		2A9AA6B6290D56A100898AFE /* Protocols */ = {
			isa = PBXGroup;
			children = (
				2A9AA6B7290D573200898AFE /* ViewUpdateble.swift */,
				2A9AA6E0290F258000898AFE /* URLManagerProtocol.swift */,
			);
			path = Protocols;
			sourceTree = "<group>";
		};
		2A9AA6BB290D697300898AFE /* Network */ = {
			isa = PBXGroup;
			children = (
				2A9AA6BC290D698700898AFE /* OWM(OpenWeatherMap) */,
			);
			path = Network;
			sourceTree = "<group>";
		};
		2A9AA6BC290D698700898AFE /* OWM(OpenWeatherMap) */ = {
			isa = PBXGroup;
			children = (
				2A9AA6CB290D891D00898AFE /* Models */,
				2A9AA6BD290D69C500898AFE /* OWMURLManager.swift */,
				2A9AA6BF290D806600898AFE /* OWMDefaultValues.swift */,
				2A9AA6D2290DBB7600898AFE /* OWMNetworkService.swift */,
			);
			path = "OWM(OpenWeatherMap)";
			sourceTree = "<group>";
		};
		2A9AA6C1290D82FF00898AFE /* Enums */ = {
			isa = PBXGroup;
			children = (
				2A9AA6C2290D831800898AFE /* DaysOfWeek.swift */,
			);
			path = Enums;
			sourceTree = "<group>";
		};
		2A9AA6CB290D891D00898AFE /* Models */ = {
			isa = PBXGroup;
			children = (
				2A9AA6CC290D894100898AFE /* CurrentWeatherModel.swift */,
				2A9AA6D4290E7C8C00898AFE /* WeeklyWeatherModel.swift */,
			);
			path = Models;
			sourceTree = "<group>";
		};
		2A9AA6D6290E87AF00898AFE /* DaylyInfo */ = {
			isa = PBXGroup;
			children = (
				2A9AA6D7290E87DC00898AFE /* DaylyInfo.swift */,
				2A9AA6D9290E87F200898AFE /* DaylyInfo.xib */,
			);
			path = DaylyInfo;
			sourceTree = "<group>";
		};
		2A9AA6DB290EFA4500898AFE /* PartOfDay */ = {
			isa = PBXGroup;
			children = (
				2A9AA6DC290EFAC700898AFE /* PartOfDay.swift */,
				2A9AA6DE290EFB1800898AFE /* PartOfDay.xib */,
			);
			path = PartOfDay;
			sourceTree = "<group>";
		};
		34458B392694B8329F3DCF39 /* Frameworks */ = {
			isa = PBXGroup;
			children = (
				D7830719E4CD12E0E8170DF3 /* Pods_WheterTest.framework */,
			);
			name = Frameworks;
			sourceTree = "<group>";
		};
/* End PBXGroup section */

/* Begin PBXNativeTarget section */
		2A1B8ACC290C60690059C3D5 /* WheterTest */ = {
			isa = PBXNativeTarget;
			buildConfigurationList = 2A1B8AE1290C60730059C3D5 /* Build configuration list for PBXNativeTarget "WheterTest" */;
			buildPhases = (
				8BF50D9E93BB561615EE9957 /* [CP] Check Pods Manifest.lock */,
				2A1B8AC9290C60690059C3D5 /* Sources */,
				2A1B8ACA290C60690059C3D5 /* Frameworks */,
				2A1B8ACB290C60690059C3D5 /* Resources */,
				8CB125511B73A4CD246E5A52 /* [CP] Embed Pods Frameworks */,
				2A1B8AE5290C6ACE0059C3D5 /* Swiftlint */,
			);
			buildRules = (
			);
			dependencies = (
			);
			name = WheterTest;
			productName = WheterTest;
			productReference = 2A1B8ACD290C60690059C3D5 /* WheterTest.app */;
			productType = "com.apple.product-type.application";
		};
/* End PBXNativeTarget section */

/* Begin PBXProject section */
		2A1B8AC5290C60690059C3D5 /* Project object */ = {
			isa = PBXProject;
			attributes = {
				BuildIndependentTargetsInParallel = 1;
				LastSwiftUpdateCheck = 1310;
				LastUpgradeCheck = 1310;
				TargetAttributes = {
					2A1B8ACC290C60690059C3D5 = {
						CreatedOnToolsVersion = 13.1;
					};
				};
			};
			buildConfigurationList = 2A1B8AC8290C60690059C3D5 /* Build configuration list for PBXProject "WheterTest" */;
			compatibilityVersion = "Xcode 13.0";
			developmentRegion = en;
			hasScannedForEncodings = 0;
			knownRegions = (
				en,
				Base,
			);
			mainGroup = 2A1B8AC4290C60690059C3D5;
			productRefGroup = 2A1B8ACE290C60690059C3D5 /* Products */;
			projectDirPath = "";
			projectRoot = "";
			targets = (
				2A1B8ACC290C60690059C3D5 /* WheterTest */,
			);
		};
/* End PBXProject section */

/* Begin PBXResourcesBuildPhase section */
		2A1B8ACB290C60690059C3D5 /* Resources */ = {
			isa = PBXResourcesBuildPhase;
			buildActionMask = 2147483647;
			files = (
				2A592A47290C7DDB0069B333 /* HomeView.storyboard in Resources */,
				2A592A3C290C79D70069B333 /* Colors.xcassets in Resources */,
				2A1B8ADD290C60730059C3D5 /* LaunchScreen.storyboard in Resources */,
				2A9AA6DF290EFB1800898AFE /* PartOfDay.xib in Resources */,
				2A1B8ADA290C60730059C3D5 /* Assets.xcassets in Resources */,
				2A592A51290C7F540069B333 /* DayViewCell.xib in Resources */,
				2A9AA6DA290E87F200898AFE /* DaylyInfo.xib in Resources */,
				2A9AA6BA290D68DC00898AFE /* APIInfo.plist in Resources */,
				2A9AA6CA290D870700898AFE /* Localization(en).strings in Resources */,
			);
			runOnlyForDeploymentPostprocessing = 0;
		};
/* End PBXResourcesBuildPhase section */

/* Begin PBXShellScriptBuildPhase section */
		2A1B8AE5290C6ACE0059C3D5 /* Swiftlint */ = {
			isa = PBXShellScriptBuildPhase;
			buildActionMask = 2147483647;
			files = (
			);
			inputFileListPaths = (
			);
			inputPaths = (
			);
			name = Swiftlint;
			outputFileListPaths = (
			);
			outputPaths = (
			);
			runOnlyForDeploymentPostprocessing = 0;
			shellPath = /bin/sh;
			shellScript = "\"${PODS_ROOT}/SwiftLint/swiftlint\"  \n";
		};
		8BF50D9E93BB561615EE9957 /* [CP] Check Pods Manifest.lock */ = {
			isa = PBXShellScriptBuildPhase;
			buildActionMask = 2147483647;
			files = (
			);
			inputFileListPaths = (
			);
			inputPaths = (
				"${PODS_PODFILE_DIR_PATH}/Podfile.lock",
				"${PODS_ROOT}/Manifest.lock",
			);
			name = "[CP] Check Pods Manifest.lock";
			outputFileListPaths = (
			);
			outputPaths = (
				"$(DERIVED_FILE_DIR)/Pods-WheterTest-checkManifestLockResult.txt",
			);
			runOnlyForDeploymentPostprocessing = 0;
			shellPath = /bin/sh;
			shellScript = "diff \"${PODS_PODFILE_DIR_PATH}/Podfile.lock\" \"${PODS_ROOT}/Manifest.lock\" > /dev/null\nif [ $? != 0 ] ; then\n    # print error to STDERR\n    echo \"error: The sandbox is not in sync with the Podfile.lock. Run 'pod install' or update your CocoaPods installation.\" >&2\n    exit 1\nfi\n# This output is used by Xcode 'outputs' to avoid re-running this script phase.\necho \"SUCCESS\" > \"${SCRIPT_OUTPUT_FILE_0}\"\n";
			showEnvVarsInLog = 0;
		};
		8CB125511B73A4CD246E5A52 /* [CP] Embed Pods Frameworks */ = {
			isa = PBXShellScriptBuildPhase;
			buildActionMask = 2147483647;
			files = (
			);
			inputFileListPaths = (
				"${PODS_ROOT}/Target Support Files/Pods-WheterTest/Pods-WheterTest-frameworks-${CONFIGURATION}-input-files.xcfilelist",
			);
			name = "[CP] Embed Pods Frameworks";
			outputFileListPaths = (
				"${PODS_ROOT}/Target Support Files/Pods-WheterTest/Pods-WheterTest-frameworks-${CONFIGURATION}-output-files.xcfilelist",
			);
			runOnlyForDeploymentPostprocessing = 0;
			shellPath = /bin/sh;
			shellScript = "\"${PODS_ROOT}/Target Support Files/Pods-WheterTest/Pods-WheterTest-frameworks.sh\"\n";
			showEnvVarsInLog = 0;
		};
/* End PBXShellScriptBuildPhase section */

/* Begin PBXSourcesBuildPhase section */
		2A1B8AC9290C60690059C3D5 /* Sources */ = {
			isa = PBXSourcesBuildPhase;
			buildActionMask = 2147483647;
			files = (
				2A592A45290C7D150069B333 /* HomeView.swift in Sources */,
				2A592A41290C7CCF0069B333 /* HomeAssembly.swift in Sources */,
				2A9AA6D3290DBB7600898AFE /* OWMNetworkService.swift in Sources */,
				2A1B8AD1290C60690059C3D5 /* AppDelegate.swift in Sources */,
				2A9AA6C0290D806600898AFE /* OWMDefaultValues.swift in Sources */,
				2A9AA6D5290E7C8C00898AFE /* WeeklyWeatherModel.swift in Sources */,
				2A9AA6E1290F258000898AFE /* URLManagerProtocol.swift in Sources */,
				2A9AA6D8290E87DC00898AFE /* DaylyInfo.swift in Sources */,
				2A9AA6C6290D841E00898AFE /* String+Extensions.swift in Sources */,
				2A9AA6BE290D69C500898AFE /* OWMURLManager.swift in Sources */,
				2A9AA6C8290D848A00898AFE /* UIView+Extensions.swift in Sources */,
				2A592A49290C7DFE0069B333 /* HomePresenterProtocol.swift in Sources */,
				2A592A4B290C7E290069B333 /* HomeViewProtocol.swift in Sources */,
				2A9AA6DD290EFAC700898AFE /* PartOfDay.swift in Sources */,
				2A9AA6E3291015FB00898AFE /* DependancyAssemblay.swift in Sources */,
				2A9AA6C3290D831800898AFE /* DaysOfWeek.swift in Sources */,
				2A592A58290C86170069B333 /* UIViewController+Extensions.swift in Sources */,
				2A9AA6CD290D894100898AFE /* CurrentWeatherModel.swift in Sources */,
				2A9AA6D1290DBB1C00898AFE /* NetworkManager.swift in Sources */,
				2A592A53290C7F7D0069B333 /* BaseViewController.swift in Sources */,
				2A9AA6B8290D573200898AFE /* ViewUpdateble.swift in Sources */,
				2A592A50290C7F540069B333 /* DayViewCell.swift in Sources */,
				2A1B8AD3290C60690059C3D5 /* SceneDelegate.swift in Sources */,
				2A592A55290C80F30069B333 /* LifeCycleProtocol.swift in Sources */,
				2A9AA6E72910179A00898AFE /* LocationManager.swift in Sources */,
				2A9AA6CF290D9D0600898AFE /* DefaultValues.swift in Sources */,
				2A9AA6E52910176800898AFE /* DateManager.swift in Sources */,
				2A592A43290C7CE80069B333 /* HomePresenter.swift in Sources */,
			);
			runOnlyForDeploymentPostprocessing = 0;
		};
/* End PBXSourcesBuildPhase section */

/* Begin PBXVariantGroup section */
		2A1B8ADB290C60730059C3D5 /* LaunchScreen.storyboard */ = {
			isa = PBXVariantGroup;
			children = (
				2A1B8ADC290C60730059C3D5 /* Base */,
			);
			name = LaunchScreen.storyboard;
			sourceTree = "<group>";
		};
/* End PBXVariantGroup section */

/* Begin XCBuildConfiguration section */
		2A1B8ADF290C60730059C3D5 /* Debug */ = {
			isa = XCBuildConfiguration;
			buildSettings = {
				ALWAYS_SEARCH_USER_PATHS = NO;
				CLANG_ANALYZER_LOCALIZABILITY_NONLOCALIZED = YES;
				CLANG_ANALYZER_NONNULL = YES;
				CLANG_ANALYZER_NUMBER_OBJECT_CONVERSION = YES_AGGRESSIVE;
				CLANG_CXX_LANGUAGE_STANDARD = "gnu++17";
				CLANG_CXX_LIBRARY = "libc++";
				CLANG_ENABLE_MODULES = YES;
				CLANG_ENABLE_OBJC_ARC = YES;
				CLANG_ENABLE_OBJC_WEAK = YES;
				CLANG_WARN_BLOCK_CAPTURE_AUTORELEASING = YES;
				CLANG_WARN_BOOL_CONVERSION = YES;
				CLANG_WARN_COMMA = YES;
				CLANG_WARN_CONSTANT_CONVERSION = YES;
				CLANG_WARN_DEPRECATED_OBJC_IMPLEMENTATIONS = YES;
				CLANG_WARN_DIRECT_OBJC_ISA_USAGE = YES_ERROR;
				CLANG_WARN_DOCUMENTATION_COMMENTS = YES;
				CLANG_WARN_EMPTY_BODY = YES;
				CLANG_WARN_ENUM_CONVERSION = YES;
				CLANG_WARN_INFINITE_RECURSION = YES;
				CLANG_WARN_INT_CONVERSION = YES;
				CLANG_WARN_NON_LITERAL_NULL_CONVERSION = YES;
				CLANG_WARN_OBJC_IMPLICIT_RETAIN_SELF = YES;
				CLANG_WARN_OBJC_LITERAL_CONVERSION = YES;
				CLANG_WARN_OBJC_ROOT_CLASS = YES_ERROR;
				CLANG_WARN_QUOTED_INCLUDE_IN_FRAMEWORK_HEADER = YES;
				CLANG_WARN_RANGE_LOOP_ANALYSIS = YES;
				CLANG_WARN_STRICT_PROTOTYPES = YES;
				CLANG_WARN_SUSPICIOUS_MOVE = YES;
				CLANG_WARN_UNGUARDED_AVAILABILITY = YES_AGGRESSIVE;
				CLANG_WARN_UNREACHABLE_CODE = YES;
				CLANG_WARN__DUPLICATE_METHOD_MATCH = YES;
				COPY_PHASE_STRIP = NO;
				DEBUG_INFORMATION_FORMAT = dwarf;
				ENABLE_STRICT_OBJC_MSGSEND = YES;
				ENABLE_TESTABILITY = YES;
				GCC_C_LANGUAGE_STANDARD = gnu11;
				GCC_DYNAMIC_NO_PIC = NO;
				GCC_NO_COMMON_BLOCKS = YES;
				GCC_OPTIMIZATION_LEVEL = 0;
				GCC_PREPROCESSOR_DEFINITIONS = (
					"DEBUG=1",
					"$(inherited)",
				);
				GCC_WARN_64_TO_32_BIT_CONVERSION = YES;
				GCC_WARN_ABOUT_RETURN_TYPE = YES_ERROR;
				GCC_WARN_UNDECLARED_SELECTOR = YES;
				GCC_WARN_UNINITIALIZED_AUTOS = YES_AGGRESSIVE;
				GCC_WARN_UNUSED_FUNCTION = YES;
				GCC_WARN_UNUSED_VARIABLE = YES;
				IPHONEOS_DEPLOYMENT_TARGET = 15.0;
				MTL_ENABLE_DEBUG_INFO = INCLUDE_SOURCE;
				MTL_FAST_MATH = YES;
				ONLY_ACTIVE_ARCH = YES;
				SDKROOT = iphoneos;
				SWIFT_ACTIVE_COMPILATION_CONDITIONS = DEBUG;
				SWIFT_OPTIMIZATION_LEVEL = "-Onone";
			};
			name = Debug;
		};
		2A1B8AE0290C60730059C3D5 /* Release */ = {
			isa = XCBuildConfiguration;
			buildSettings = {
				ALWAYS_SEARCH_USER_PATHS = NO;
				CLANG_ANALYZER_LOCALIZABILITY_NONLOCALIZED = YES;
				CLANG_ANALYZER_NONNULL = YES;
				CLANG_ANALYZER_NUMBER_OBJECT_CONVERSION = YES_AGGRESSIVE;
				CLANG_CXX_LANGUAGE_STANDARD = "gnu++17";
				CLANG_CXX_LIBRARY = "libc++";
				CLANG_ENABLE_MODULES = YES;
				CLANG_ENABLE_OBJC_ARC = YES;
				CLANG_ENABLE_OBJC_WEAK = YES;
				CLANG_WARN_BLOCK_CAPTURE_AUTORELEASING = YES;
				CLANG_WARN_BOOL_CONVERSION = YES;
				CLANG_WARN_COMMA = YES;
				CLANG_WARN_CONSTANT_CONVERSION = YES;
				CLANG_WARN_DEPRECATED_OBJC_IMPLEMENTATIONS = YES;
				CLANG_WARN_DIRECT_OBJC_ISA_USAGE = YES_ERROR;
				CLANG_WARN_DOCUMENTATION_COMMENTS = YES;
				CLANG_WARN_EMPTY_BODY = YES;
				CLANG_WARN_ENUM_CONVERSION = YES;
				CLANG_WARN_INFINITE_RECURSION = YES;
				CLANG_WARN_INT_CONVERSION = YES;
				CLANG_WARN_NON_LITERAL_NULL_CONVERSION = YES;
				CLANG_WARN_OBJC_IMPLICIT_RETAIN_SELF = YES;
				CLANG_WARN_OBJC_LITERAL_CONVERSION = YES;
				CLANG_WARN_OBJC_ROOT_CLASS = YES_ERROR;
				CLANG_WARN_QUOTED_INCLUDE_IN_FRAMEWORK_HEADER = YES;
				CLANG_WARN_RANGE_LOOP_ANALYSIS = YES;
				CLANG_WARN_STRICT_PROTOTYPES = YES;
				CLANG_WARN_SUSPICIOUS_MOVE = YES;
				CLANG_WARN_UNGUARDED_AVAILABILITY = YES_AGGRESSIVE;
				CLANG_WARN_UNREACHABLE_CODE = YES;
				CLANG_WARN__DUPLICATE_METHOD_MATCH = YES;
				COPY_PHASE_STRIP = NO;
				DEBUG_INFORMATION_FORMAT = "dwarf-with-dsym";
				ENABLE_NS_ASSERTIONS = NO;
				ENABLE_STRICT_OBJC_MSGSEND = YES;
				GCC_C_LANGUAGE_STANDARD = gnu11;
				GCC_NO_COMMON_BLOCKS = YES;
				GCC_WARN_64_TO_32_BIT_CONVERSION = YES;
				GCC_WARN_ABOUT_RETURN_TYPE = YES_ERROR;
				GCC_WARN_UNDECLARED_SELECTOR = YES;
				GCC_WARN_UNINITIALIZED_AUTOS = YES_AGGRESSIVE;
				GCC_WARN_UNUSED_FUNCTION = YES;
				GCC_WARN_UNUSED_VARIABLE = YES;
				IPHONEOS_DEPLOYMENT_TARGET = 15.0;
				MTL_ENABLE_DEBUG_INFO = NO;
				MTL_FAST_MATH = YES;
				SDKROOT = iphoneos;
				SWIFT_COMPILATION_MODE = wholemodule;
				SWIFT_OPTIMIZATION_LEVEL = "-O";
				VALIDATE_PRODUCT = YES;
			};
			name = Release;
		};
		2A1B8AE2290C60730059C3D5 /* Debug */ = {
			isa = XCBuildConfiguration;
			baseConfigurationReference = 1BAC33B22996BCB0A963B955 /* Pods-WheterTest.debug.xcconfig */;
			buildSettings = {
				ASSETCATALOG_COMPILER_APPICON_NAME = AppIcon;
				ASSETCATALOG_COMPILER_GLOBAL_ACCENT_COLOR_NAME = AccentColor;
				CODE_SIGN_STYLE = Automatic;
				CURRENT_PROJECT_VERSION = 1;
				DEVELOPMENT_TEAM = A9ZAXYCGP4;
				GENERATE_INFOPLIST_FILE = YES;
				INFOPLIST_FILE = Info.plist;
				INFOPLIST_KEY_NSLocationWhenInUseUsageDescription = "allow location ping";
				INFOPLIST_KEY_UIApplicationSupportsIndirectInputEvents = YES;
				INFOPLIST_KEY_UILaunchStoryboardName = LaunchScreen;
				INFOPLIST_KEY_UISupportedInterfaceOrientations_iPad = "UIInterfaceOrientationPortrait UIInterfaceOrientationPortraitUpsideDown UIInterfaceOrientationLandscapeLeft UIInterfaceOrientationLandscapeRight";
				INFOPLIST_KEY_UISupportedInterfaceOrientations_iPhone = "UIInterfaceOrientationPortrait UIInterfaceOrientationLandscapeLeft UIInterfaceOrientationLandscapeRight";
				IPHONEOS_DEPLOYMENT_TARGET = 13.0;
				LD_RUNPATH_SEARCH_PATHS = (
					"$(inherited)",
					"@executable_path/Frameworks",
				);
				MARKETING_VERSION = 1.0;
				PRODUCT_BUNDLE_IDENTIFIER = shapaj.WheterTest;
				PRODUCT_NAME = "$(TARGET_NAME)";
				SWIFT_EMIT_LOC_STRINGS = YES;
				SWIFT_VERSION = 5.0;
				TARGETED_DEVICE_FAMILY = "1,2";
			};
			name = Debug;
		};
		2A1B8AE3290C60730059C3D5 /* Release */ = {
			isa = XCBuildConfiguration;
			baseConfigurationReference = 5627C2A3A83CD51FC2DB3FCF /* Pods-WheterTest.release.xcconfig */;
			buildSettings = {
				ASSETCATALOG_COMPILER_APPICON_NAME = AppIcon;
				ASSETCATALOG_COMPILER_GLOBAL_ACCENT_COLOR_NAME = AccentColor;
				CODE_SIGN_STYLE = Automatic;
				CURRENT_PROJECT_VERSION = 1;
				DEVELOPMENT_TEAM = A9ZAXYCGP4;
				GENERATE_INFOPLIST_FILE = YES;
				INFOPLIST_FILE = Info.plist;
				INFOPLIST_KEY_NSLocationWhenInUseUsageDescription = "allow location ping";
				INFOPLIST_KEY_UIApplicationSupportsIndirectInputEvents = YES;
				INFOPLIST_KEY_UILaunchStoryboardName = LaunchScreen;
				INFOPLIST_KEY_UISupportedInterfaceOrientations_iPad = "UIInterfaceOrientationPortrait UIInterfaceOrientationPortraitUpsideDown UIInterfaceOrientationLandscapeLeft UIInterfaceOrientationLandscapeRight";
				INFOPLIST_KEY_UISupportedInterfaceOrientations_iPhone = "UIInterfaceOrientationPortrait UIInterfaceOrientationLandscapeLeft UIInterfaceOrientationLandscapeRight";
				IPHONEOS_DEPLOYMENT_TARGET = 13.0;
				LD_RUNPATH_SEARCH_PATHS = (
					"$(inherited)",
					"@executable_path/Frameworks",
				);
				MARKETING_VERSION = 1.0;
				PRODUCT_BUNDLE_IDENTIFIER = shapaj.WheterTest;
				PRODUCT_NAME = "$(TARGET_NAME)";
				SWIFT_EMIT_LOC_STRINGS = YES;
				SWIFT_VERSION = 5.0;
				TARGETED_DEVICE_FAMILY = "1,2";
			};
			name = Release;
		};
/* End XCBuildConfiguration section */

/* Begin XCConfigurationList section */
		2A1B8AC8290C60690059C3D5 /* Build configuration list for PBXProject "WheterTest" */ = {
			isa = XCConfigurationList;
			buildConfigurations = (
				2A1B8ADF290C60730059C3D5 /* Debug */,
				2A1B8AE0290C60730059C3D5 /* Release */,
			);
			defaultConfigurationIsVisible = 0;
			defaultConfigurationName = Release;
		};
		2A1B8AE1290C60730059C3D5 /* Build configuration list for PBXNativeTarget "WheterTest" */ = {
			isa = XCConfigurationList;
			buildConfigurations = (
				2A1B8AE2290C60730059C3D5 /* Debug */,
				2A1B8AE3290C60730059C3D5 /* Release */,
			);
			defaultConfigurationIsVisible = 0;
			defaultConfigurationName = Release;
		};
/* End XCConfigurationList section */
	};
	rootObject = 2A1B8AC5290C60690059C3D5 /* Project object */;
}
